// !$*UTF8*$!
{
	archiveVersion = 1;
	classes = {
	};
	objectVersion = 50;
	objects = {

/* Begin PBXBuildFile section */
		44CCE397227DFAB300EDD3EC /* AppDelegate.swift in Sources */ = {isa = PBXBuildFile; fileRef = 44CCE396227DFAB300EDD3EC /* AppDelegate.swift */; };
		44CCE39C227DFAB300EDD3EC /* Main.storyboard in Resources */ = {isa = PBXBuildFile; fileRef = 44CCE39A227DFAB300EDD3EC /* Main.storyboard */; };
		44CCE39E227DFAB500EDD3EC /* Assets.xcassets in Resources */ = {isa = PBXBuildFile; fileRef = 44CCE39D227DFAB500EDD3EC /* Assets.xcassets */; };
		44CCE3A1227DFAB500EDD3EC /* LaunchScreen.storyboard in Resources */ = {isa = PBXBuildFile; fileRef = 44CCE39F227DFAB500EDD3EC /* LaunchScreen.storyboard */; };
		44CCE3AC227DFAB500EDD3EC /* MMMovieTests.swift in Sources */ = {isa = PBXBuildFile; fileRef = 44CCE3AB227DFAB500EDD3EC /* MMMovieTests.swift */; };
		44CCE3B7227DFAB500EDD3EC /* MMMovieUITests.swift in Sources */ = {isa = PBXBuildFile; fileRef = 44CCE3B6227DFAB500EDD3EC /* MMMovieUITests.swift */; };
		44CCE3C7227DFBAB00EDD3EC /* main.swift in Sources */ = {isa = PBXBuildFile; fileRef = 44CCE3C6227DFBAB00EDD3EC /* main.swift */; };
		44CCE3CE227DFC8000EDD3EC /* Actor.swift in Sources */ = {isa = PBXBuildFile; fileRef = 44CCE3CD227DFC8000EDD3EC /* Actor.swift */; };
		44CCE3D0227DFC8F00EDD3EC /* ActorsViewModel.swift in Sources */ = {isa = PBXBuildFile; fileRef = 44CCE3CF227DFC8F00EDD3EC /* ActorsViewModel.swift */; };
		44CCE3D2227DFCAD00EDD3EC /* WService.swift in Sources */ = {isa = PBXBuildFile; fileRef = 44CCE3D1227DFCAD00EDD3EC /* WService.swift */; };
		44CCE3D7227DFCDC00EDD3EC /* ActorDetailViewController.swift in Sources */ = {isa = PBXBuildFile; fileRef = 44CCE3D5227DFCDC00EDD3EC /* ActorDetailViewController.swift */; };
		44CCE3D8227DFCDC00EDD3EC /* ActorDetailViewController.xib in Resources */ = {isa = PBXBuildFile; fileRef = 44CCE3D6227DFCDC00EDD3EC /* ActorDetailViewController.xib */; };
		44CCE3FA2280A2F800EDD3EC /* MovieRequest.swift in Sources */ = {isa = PBXBuildFile; fileRef = 44CCE3EE2280A2F800EDD3EC /* MovieRequest.swift */; };
		44CCE3FC2280A34C00EDD3EC /* HttpManager.swift in Sources */ = {isa = PBXBuildFile; fileRef = 44CCE3FB2280A34C00EDD3EC /* HttpManager.swift */; };
		44CCE4042281753E00EDD3EC /* MovieError.swift in Sources */ = {isa = PBXBuildFile; fileRef = 44CCE4032281753E00EDD3EC /* MovieError.swift */; };
		44CCE40622817F4D00EDD3EC /* MovieListHManager.swift in Sources */ = {isa = PBXBuildFile; fileRef = 44CCE40522817F4D00EDD3EC /* MovieListHManager.swift */; };
		44CCE40822817FAB00EDD3EC /* MovieSearchObject.swift in Sources */ = {isa = PBXBuildFile; fileRef = 44CCE40722817FAB00EDD3EC /* MovieSearchObject.swift */; };
		44CCE40A22818E4E00EDD3EC /* MovieHttp.swift in Sources */ = {isa = PBXBuildFile; fileRef = 44CCE40922818E4E00EDD3EC /* MovieHttp.swift */; };
		44CCE40C2281A40B00EDD3EC /* Extentions.swift in Sources */ = {isa = PBXBuildFile; fileRef = 44CCE40B2281A40B00EDD3EC /* Extentions.swift */; };
		44CCE40E2281ABA900EDD3EC /* MovieResponse.swift in Sources */ = {isa = PBXBuildFile; fileRef = 44CCE40D2281ABA900EDD3EC /* MovieResponse.swift */; };
		44CCE4102281C04200EDD3EC /* ResponeHandler.swift in Sources */ = {isa = PBXBuildFile; fileRef = 44CCE40F2281C04200EDD3EC /* ResponeHandler.swift */; };
		44CCE4132281C23500EDD3EC /* MainViewController.swift in Sources */ = {isa = PBXBuildFile; fileRef = 44CCE4112281C23500EDD3EC /* MainViewController.swift */; };
		44CCE4142281C23500EDD3EC /* MainViewController.xib in Resources */ = {isa = PBXBuildFile; fileRef = 44CCE4122281C23500EDD3EC /* MainViewController.xib */; };
		44CCE4172281C29600EDD3EC /* MasterTableViewController.swift in Sources */ = {isa = PBXBuildFile; fileRef = 44CCE4152281C29600EDD3EC /* MasterTableViewController.swift */; };
		44CCE4182281C29600EDD3EC /* MasterViewController.swift in Sources */ = {isa = PBXBuildFile; fileRef = 44CCE4162281C29600EDD3EC /* MasterViewController.swift */; };
		44CCE41A2281C31F00EDD3EC /* UIUtility.swift in Sources */ = {isa = PBXBuildFile; fileRef = 44CCE4192281C31F00EDD3EC /* UIUtility.swift */; };
		44CCE41E2281C43900EDD3EC /* ErrorTableViewCell.xib in Resources */ = {isa = PBXBuildFile; fileRef = 44CCE41C2281C43900EDD3EC /* ErrorTableViewCell.xib */; };
		44CCE41F2281C43900EDD3EC /* ErrorTableViewCell.swift in Sources */ = {isa = PBXBuildFile; fileRef = 44CCE41D2281C43900EDD3EC /* ErrorTableViewCell.swift */; };
		44CCE4212281C56D00EDD3EC /* FactoryViewModel.swift in Sources */ = {isa = PBXBuildFile; fileRef = 44CCE4202281C56D00EDD3EC /* FactoryViewModel.swift */; };
		44CCE4242281C6E500EDD3EC /* ActorTableViewCell.swift in Sources */ = {isa = PBXBuildFile; fileRef = 44CCE4222281C6E500EDD3EC /* ActorTableViewCell.swift */; };
		44CCE4252281C6E500EDD3EC /* ActorTableViewCell.xib in Resources */ = {isa = PBXBuildFile; fileRef = 44CCE4232281C6E500EDD3EC /* ActorTableViewCell.xib */; };
		44CCE4282281C7F200EDD3EC /* UITableViewCell+Extention.swift in Sources */ = {isa = PBXBuildFile; fileRef = 44CCE4272281C7F200EDD3EC /* UITableViewCell+Extention.swift */; };
		44CCE42C2281CB4C00EDD3EC /* Movie.swift in Sources */ = {isa = PBXBuildFile; fileRef = 44CCE42B2281CB4C00EDD3EC /* Movie.swift */; };
		44CCE43E2281F17000EDD3EC /* MoviesViewModel.swift in Sources */ = {isa = PBXBuildFile; fileRef = 44CCE43D2281F17000EDD3EC /* MoviesViewModel.swift */; };
		44CCE4412281F8B900EDD3EC /* ActorCellViewController.swift in Sources */ = {isa = PBXBuildFile; fileRef = 44CCE43F2281F8B900EDD3EC /* ActorCellViewController.swift */; };
		44CCE4422281F8B900EDD3EC /* ActorCellViewController.xib in Resources */ = {isa = PBXBuildFile; fileRef = 44CCE4402281F8B900EDD3EC /* ActorCellViewController.xib */; };
		44CCE4492281F97200EDD3EC /* MoviesViewController.swift in Sources */ = {isa = PBXBuildFile; fileRef = 44CCE4472281F97200EDD3EC /* MoviesViewController.swift */; };
		44CCE44A2281F97200EDD3EC /* MoviesViewController.xib in Resources */ = {isa = PBXBuildFile; fileRef = 44CCE4482281F97200EDD3EC /* MoviesViewController.xib */; };
		44CCE4512281FA3F00EDD3EC /* ActorCellViewModel.swift in Sources */ = {isa = PBXBuildFile; fileRef = 44CCE4502281FA3F00EDD3EC /* ActorCellViewModel.swift */; };
		44CCE4532281FAAE00EDD3EC /* ActorDetailViewModel.swift in Sources */ = {isa = PBXBuildFile; fileRef = 44CCE4522281FAAE00EDD3EC /* ActorDetailViewModel.swift */; };
		44CCE4552281FCC000EDD3EC /* ActorViewModel.swift in Sources */ = {isa = PBXBuildFile; fileRef = 44CCE4542281FCC000EDD3EC /* ActorViewModel.swift */; };
		44CCE4582282D25C00EDD3EC /* ActorViewController.swift in Sources */ = {isa = PBXBuildFile; fileRef = 44CCE4562282D25C00EDD3EC /* ActorViewController.swift */; };
		44CCE4592282D25C00EDD3EC /* ActorViewController.xib in Resources */ = {isa = PBXBuildFile; fileRef = 44CCE4572282D25C00EDD3EC /* ActorViewController.xib */; };
		44CCE45D2282E0DE00EDD3EC /* FavoretiesViewController.swift in Sources */ = {isa = PBXBuildFile; fileRef = 44CCE45B2282E0DE00EDD3EC /* FavoretiesViewController.swift */; };
		44CCE45E2282E0DE00EDD3EC /* FavoretiesViewController.xib in Resources */ = {isa = PBXBuildFile; fileRef = 44CCE45C2282E0DE00EDD3EC /* FavoretiesViewController.xib */; };
		44CCE4602282ED2400EDD3EC /* MasterCollectionViewController.swift in Sources */ = {isa = PBXBuildFile; fileRef = 44CCE45F2282ED2400EDD3EC /* MasterCollectionViewController.swift */; };
		44CCE4632282ED4900EDD3EC /* ErrorCollectionViewCell.swift in Sources */ = {isa = PBXBuildFile; fileRef = 44CCE4612282ED4800EDD3EC /* ErrorCollectionViewCell.swift */; };
		44CCE4642282ED4900EDD3EC /* ErrorCollectionViewCell.xib in Resources */ = {isa = PBXBuildFile; fileRef = 44CCE4622282ED4800EDD3EC /* ErrorCollectionViewCell.xib */; };
		44CCE4682282EDC900EDD3EC /* MovieCollectionViewCell.swift in Sources */ = {isa = PBXBuildFile; fileRef = 44CCE4662282EDC900EDD3EC /* MovieCollectionViewCell.swift */; };
		44CCE4692282EDC900EDD3EC /* MovieCollectionViewCell.xib in Resources */ = {isa = PBXBuildFile; fileRef = 44CCE4672282EDC900EDD3EC /* MovieCollectionViewCell.xib */; };
		44CCE46D2282FCD600EDD3EC /* MovieDetailViewController.swift in Sources */ = {isa = PBXBuildFile; fileRef = 44CCE46B2282FCD600EDD3EC /* MovieDetailViewController.swift */; };
		44CCE46E2282FCD600EDD3EC /* MovieDetailViewController.xib in Resources */ = {isa = PBXBuildFile; fileRef = 44CCE46C2282FCD600EDD3EC /* MovieDetailViewController.xib */; };
		44CCE470228318DA00EDD3EC /* ImageDownloader.swift in Sources */ = {isa = PBXBuildFile; fileRef = 44CCE46F228318DA00EDD3EC /* ImageDownloader.swift */; };
		44CCE4722283279E00EDD3EC /* UrlManager.swift in Sources */ = {isa = PBXBuildFile; fileRef = 44CCE4712283279E00EDD3EC /* UrlManager.swift */; };
/* End PBXBuildFile section */

/* Begin PBXContainerItemProxy section */
		44CCE3A8227DFAB500EDD3EC /* PBXContainerItemProxy */ = {
			isa = PBXContainerItemProxy;
			containerPortal = 44CCE38B227DFAB300EDD3EC /* Project object */;
			proxyType = 1;
			remoteGlobalIDString = 44CCE392227DFAB300EDD3EC;
			remoteInfo = MMMovie;
		};
		44CCE3B3227DFAB500EDD3EC /* PBXContainerItemProxy */ = {
			isa = PBXContainerItemProxy;
			containerPortal = 44CCE38B227DFAB300EDD3EC /* Project object */;
			proxyType = 1;
			remoteGlobalIDString = 44CCE392227DFAB300EDD3EC;
			remoteInfo = MMMovie;
		};
/* End PBXContainerItemProxy section */

/* Begin PBXFileReference section */
		44CCE393227DFAB300EDD3EC /* MMMovie.app */ = {isa = PBXFileReference; explicitFileType = wrapper.application; includeInIndex = 0; path = MMMovie.app; sourceTree = BUILT_PRODUCTS_DIR; };
		44CCE396227DFAB300EDD3EC /* AppDelegate.swift */ = {isa = PBXFileReference; lastKnownFileType = sourcecode.swift; path = AppDelegate.swift; sourceTree = "<group>"; };
		44CCE39B227DFAB300EDD3EC /* Base */ = {isa = PBXFileReference; lastKnownFileType = file.storyboard; name = Base; path = Base.lproj/Main.storyboard; sourceTree = "<group>"; };
		44CCE39D227DFAB500EDD3EC /* Assets.xcassets */ = {isa = PBXFileReference; lastKnownFileType = folder.assetcatalog; path = Assets.xcassets; sourceTree = "<group>"; };
		44CCE3A0227DFAB500EDD3EC /* Base */ = {isa = PBXFileReference; lastKnownFileType = file.storyboard; name = Base; path = Base.lproj/LaunchScreen.storyboard; sourceTree = "<group>"; };
		44CCE3A2227DFAB500EDD3EC /* Info.plist */ = {isa = PBXFileReference; lastKnownFileType = text.plist.xml; path = Info.plist; sourceTree = "<group>"; };
		44CCE3A7227DFAB500EDD3EC /* MMMovieTests.xctest */ = {isa = PBXFileReference; explicitFileType = wrapper.cfbundle; includeInIndex = 0; path = MMMovieTests.xctest; sourceTree = BUILT_PRODUCTS_DIR; };
		44CCE3AB227DFAB500EDD3EC /* MMMovieTests.swift */ = {isa = PBXFileReference; lastKnownFileType = sourcecode.swift; path = MMMovieTests.swift; sourceTree = "<group>"; };
		44CCE3AD227DFAB500EDD3EC /* Info.plist */ = {isa = PBXFileReference; lastKnownFileType = text.plist.xml; path = Info.plist; sourceTree = "<group>"; };
		44CCE3B2227DFAB500EDD3EC /* MMMovieUITests.xctest */ = {isa = PBXFileReference; explicitFileType = wrapper.cfbundle; includeInIndex = 0; path = MMMovieUITests.xctest; sourceTree = BUILT_PRODUCTS_DIR; };
		44CCE3B6227DFAB500EDD3EC /* MMMovieUITests.swift */ = {isa = PBXFileReference; lastKnownFileType = sourcecode.swift; path = MMMovieUITests.swift; sourceTree = "<group>"; };
		44CCE3B8227DFAB500EDD3EC /* Info.plist */ = {isa = PBXFileReference; lastKnownFileType = text.plist.xml; path = Info.plist; sourceTree = "<group>"; };
		44CCE3C6227DFBAB00EDD3EC /* main.swift */ = {isa = PBXFileReference; lastKnownFileType = sourcecode.swift; path = main.swift; sourceTree = "<group>"; };
		44CCE3CD227DFC8000EDD3EC /* Actor.swift */ = {isa = PBXFileReference; lastKnownFileType = sourcecode.swift; path = Actor.swift; sourceTree = "<group>"; };
		44CCE3CF227DFC8F00EDD3EC /* ActorsViewModel.swift */ = {isa = PBXFileReference; lastKnownFileType = sourcecode.swift; path = ActorsViewModel.swift; sourceTree = "<group>"; };
		44CCE3D1227DFCAD00EDD3EC /* WService.swift */ = {isa = PBXFileReference; lastKnownFileType = sourcecode.swift; path = WService.swift; sourceTree = "<group>"; };
		44CCE3D5227DFCDC00EDD3EC /* ActorDetailViewController.swift */ = {isa = PBXFileReference; lastKnownFileType = sourcecode.swift; path = ActorDetailViewController.swift; sourceTree = "<group>"; };
		44CCE3D6227DFCDC00EDD3EC /* ActorDetailViewController.xib */ = {isa = PBXFileReference; lastKnownFileType = file.xib; path = ActorDetailViewController.xib; sourceTree = "<group>"; };
		44CCE3EE2280A2F800EDD3EC /* MovieRequest.swift */ = {isa = PBXFileReference; fileEncoding = 4; lastKnownFileType = sourcecode.swift; path = MovieRequest.swift; sourceTree = "<group>"; };
		44CCE3FB2280A34C00EDD3EC /* HttpManager.swift */ = {isa = PBXFileReference; fileEncoding = 4; lastKnownFileType = sourcecode.swift; path = HttpManager.swift; sourceTree = "<group>"; };
		44CCE4032281753E00EDD3EC /* MovieError.swift */ = {isa = PBXFileReference; lastKnownFileType = sourcecode.swift; path = MovieError.swift; sourceTree = "<group>"; };
		44CCE40522817F4D00EDD3EC /* MovieListHManager.swift */ = {isa = PBXFileReference; lastKnownFileType = sourcecode.swift; path = MovieListHManager.swift; sourceTree = "<group>"; };
		44CCE40722817FAB00EDD3EC /* MovieSearchObject.swift */ = {isa = PBXFileReference; lastKnownFileType = sourcecode.swift; path = MovieSearchObject.swift; sourceTree = "<group>"; };
		44CCE40922818E4E00EDD3EC /* MovieHttp.swift */ = {isa = PBXFileReference; lastKnownFileType = sourcecode.swift; path = MovieHttp.swift; sourceTree = "<group>"; };
		44CCE40B2281A40B00EDD3EC /* Extentions.swift */ = {isa = PBXFileReference; lastKnownFileType = sourcecode.swift; path = Extentions.swift; sourceTree = "<group>"; };
		44CCE40D2281ABA900EDD3EC /* MovieResponse.swift */ = {isa = PBXFileReference; lastKnownFileType = sourcecode.swift; path = MovieResponse.swift; sourceTree = "<group>"; };
		44CCE40F2281C04200EDD3EC /* ResponeHandler.swift */ = {isa = PBXFileReference; lastKnownFileType = sourcecode.swift; path = ResponeHandler.swift; sourceTree = "<group>"; };
		44CCE4112281C23500EDD3EC /* MainViewController.swift */ = {isa = PBXFileReference; lastKnownFileType = sourcecode.swift; path = MainViewController.swift; sourceTree = "<group>"; };
		44CCE4122281C23500EDD3EC /* MainViewController.xib */ = {isa = PBXFileReference; lastKnownFileType = file.xib; path = MainViewController.xib; sourceTree = "<group>"; };
		44CCE4152281C29600EDD3EC /* MasterTableViewController.swift */ = {isa = PBXFileReference; fileEncoding = 4; lastKnownFileType = sourcecode.swift; path = MasterTableViewController.swift; sourceTree = "<group>"; };
		44CCE4162281C29600EDD3EC /* MasterViewController.swift */ = {isa = PBXFileReference; fileEncoding = 4; lastKnownFileType = sourcecode.swift; path = MasterViewController.swift; sourceTree = "<group>"; };
		44CCE4192281C31F00EDD3EC /* UIUtility.swift */ = {isa = PBXFileReference; fileEncoding = 4; lastKnownFileType = sourcecode.swift; path = UIUtility.swift; sourceTree = "<group>"; };
		44CCE41C2281C43900EDD3EC /* ErrorTableViewCell.xib */ = {isa = PBXFileReference; fileEncoding = 4; lastKnownFileType = file.xib; path = ErrorTableViewCell.xib; sourceTree = "<group>"; };
		44CCE41D2281C43900EDD3EC /* ErrorTableViewCell.swift */ = {isa = PBXFileReference; fileEncoding = 4; lastKnownFileType = sourcecode.swift; path = ErrorTableViewCell.swift; sourceTree = "<group>"; };
		44CCE4202281C56D00EDD3EC /* FactoryViewModel.swift */ = {isa = PBXFileReference; lastKnownFileType = sourcecode.swift; path = FactoryViewModel.swift; sourceTree = "<group>"; };
		44CCE4222281C6E500EDD3EC /* ActorTableViewCell.swift */ = {isa = PBXFileReference; lastKnownFileType = sourcecode.swift; path = ActorTableViewCell.swift; sourceTree = "<group>"; };
		44CCE4232281C6E500EDD3EC /* ActorTableViewCell.xib */ = {isa = PBXFileReference; lastKnownFileType = file.xib; path = ActorTableViewCell.xib; sourceTree = "<group>"; };
		44CCE4272281C7F200EDD3EC /* UITableViewCell+Extention.swift */ = {isa = PBXFileReference; lastKnownFileType = sourcecode.swift; path = "UITableViewCell+Extention.swift"; sourceTree = "<group>"; };
		44CCE42B2281CB4C00EDD3EC /* Movie.swift */ = {isa = PBXFileReference; lastKnownFileType = sourcecode.swift; path = Movie.swift; sourceTree = "<group>"; };
		44CCE43D2281F17000EDD3EC /* MoviesViewModel.swift */ = {isa = PBXFileReference; lastKnownFileType = sourcecode.swift; path = MoviesViewModel.swift; sourceTree = "<group>"; };
		44CCE43F2281F8B900EDD3EC /* ActorCellViewController.swift */ = {isa = PBXFileReference; lastKnownFileType = sourcecode.swift; path = ActorCellViewController.swift; sourceTree = "<group>"; };
		44CCE4402281F8B900EDD3EC /* ActorCellViewController.xib */ = {isa = PBXFileReference; lastKnownFileType = file.xib; path = ActorCellViewController.xib; sourceTree = "<group>"; };
		44CCE4472281F97200EDD3EC /* MoviesViewController.swift */ = {isa = PBXFileReference; lastKnownFileType = sourcecode.swift; path = MoviesViewController.swift; sourceTree = "<group>"; };
		44CCE4482281F97200EDD3EC /* MoviesViewController.xib */ = {isa = PBXFileReference; lastKnownFileType = file.xib; path = MoviesViewController.xib; sourceTree = "<group>"; };
		44CCE4502281FA3F00EDD3EC /* ActorCellViewModel.swift */ = {isa = PBXFileReference; lastKnownFileType = sourcecode.swift; path = ActorCellViewModel.swift; sourceTree = "<group>"; };
		44CCE4522281FAAE00EDD3EC /* ActorDetailViewModel.swift */ = {isa = PBXFileReference; lastKnownFileType = sourcecode.swift; path = ActorDetailViewModel.swift; sourceTree = "<group>"; };
		44CCE4542281FCC000EDD3EC /* ActorViewModel.swift */ = {isa = PBXFileReference; lastKnownFileType = sourcecode.swift; path = ActorViewModel.swift; sourceTree = "<group>"; };
		44CCE4562282D25C00EDD3EC /* ActorViewController.swift */ = {isa = PBXFileReference; lastKnownFileType = sourcecode.swift; path = ActorViewController.swift; sourceTree = "<group>"; };
		44CCE4572282D25C00EDD3EC /* ActorViewController.xib */ = {isa = PBXFileReference; lastKnownFileType = file.xib; path = ActorViewController.xib; sourceTree = "<group>"; };
		44CCE45B2282E0DE00EDD3EC /* FavoretiesViewController.swift */ = {isa = PBXFileReference; lastKnownFileType = sourcecode.swift; path = FavoretiesViewController.swift; sourceTree = "<group>"; };
		44CCE45C2282E0DE00EDD3EC /* FavoretiesViewController.xib */ = {isa = PBXFileReference; lastKnownFileType = file.xib; path = FavoretiesViewController.xib; sourceTree = "<group>"; };
		44CCE45F2282ED2400EDD3EC /* MasterCollectionViewController.swift */ = {isa = PBXFileReference; fileEncoding = 4; lastKnownFileType = sourcecode.swift; path = MasterCollectionViewController.swift; sourceTree = "<group>"; };
		44CCE4612282ED4800EDD3EC /* ErrorCollectionViewCell.swift */ = {isa = PBXFileReference; fileEncoding = 4; lastKnownFileType = sourcecode.swift; path = ErrorCollectionViewCell.swift; sourceTree = "<group>"; };
		44CCE4622282ED4800EDD3EC /* ErrorCollectionViewCell.xib */ = {isa = PBXFileReference; fileEncoding = 4; lastKnownFileType = file.xib; path = ErrorCollectionViewCell.xib; sourceTree = "<group>"; };
		44CCE4662282EDC900EDD3EC /* MovieCollectionViewCell.swift */ = {isa = PBXFileReference; lastKnownFileType = sourcecode.swift; path = MovieCollectionViewCell.swift; sourceTree = "<group>"; };
		44CCE4672282EDC900EDD3EC /* MovieCollectionViewCell.xib */ = {isa = PBXFileReference; lastKnownFileType = file.xib; path = MovieCollectionViewCell.xib; sourceTree = "<group>"; };
		44CCE46B2282FCD600EDD3EC /* MovieDetailViewController.swift */ = {isa = PBXFileReference; lastKnownFileType = sourcecode.swift; path = MovieDetailViewController.swift; sourceTree = "<group>"; };
		44CCE46C2282FCD600EDD3EC /* MovieDetailViewController.xib */ = {isa = PBXFileReference; lastKnownFileType = file.xib; path = MovieDetailViewController.xib; sourceTree = "<group>"; };
		44CCE46F228318DA00EDD3EC /* ImageDownloader.swift */ = {isa = PBXFileReference; lastKnownFileType = sourcecode.swift; path = ImageDownloader.swift; sourceTree = "<group>"; };
		44CCE4712283279E00EDD3EC /* UrlManager.swift */ = {isa = PBXFileReference; lastKnownFileType = sourcecode.swift; path = UrlManager.swift; sourceTree = "<group>"; };
/* End PBXFileReference section */

/* Begin PBXFrameworksBuildPhase section */
		44CCE390227DFAB300EDD3EC /* Frameworks */ = {
			isa = PBXFrameworksBuildPhase;
			buildActionMask = 2147483647;
			files = (
			);
			runOnlyForDeploymentPostprocessing = 0;
		};
		44CCE3A4227DFAB500EDD3EC /* Frameworks */ = {
			isa = PBXFrameworksBuildPhase;
			buildActionMask = 2147483647;
			files = (
			);
			runOnlyForDeploymentPostprocessing = 0;
		};
		44CCE3AF227DFAB500EDD3EC /* Frameworks */ = {
			isa = PBXFrameworksBuildPhase;
			buildActionMask = 2147483647;
			files = (
			);
			runOnlyForDeploymentPostprocessing = 0;
		};
/* End PBXFrameworksBuildPhase section */

/* Begin PBXGroup section */
		44CCE38A227DFAB300EDD3EC = {
			isa = PBXGroup;
			children = (
				44CCE395227DFAB300EDD3EC /* MMMovie */,
				44CCE3AA227DFAB500EDD3EC /* MMMovieTests */,
				44CCE3B5227DFAB500EDD3EC /* MMMovieUITests */,
				44CCE394227DFAB300EDD3EC /* Products */,
			);
			sourceTree = "<group>";
		};
		44CCE394227DFAB300EDD3EC /* Products */ = {
			isa = PBXGroup;
			children = (
				44CCE393227DFAB300EDD3EC /* MMMovie.app */,
				44CCE3A7227DFAB500EDD3EC /* MMMovieTests.xctest */,
				44CCE3B2227DFAB500EDD3EC /* MMMovieUITests.xctest */,
			);
			name = Products;
			sourceTree = "<group>";
		};
		44CCE395227DFAB300EDD3EC /* MMMovie */ = {
			isa = PBXGroup;
			children = (
				44CCE4292281C8E000EDD3EC /* Extention */,
				44CCE3CC227DFC7500EDD3EC /* Model */,
				44CCE3CB227DFC7000EDD3EC /* ViewModel */,
				44CCE3CA227DFC6800EDD3EC /* Service */,
				44CCE3C9227DFC5F00EDD3EC /* Manager */,
				44CCE3C8227DFC5800EDD3EC /* View */,
				44CCE3C5227DFB8000EDD3EC /* Info */,
				44CCE3C4227DFB6B00EDD3EC /* AppDelegate */,
				44CCE3C6227DFBAB00EDD3EC /* main.swift */,
			);
			path = MMMovie;
			sourceTree = "<group>";
		};
		44CCE3AA227DFAB500EDD3EC /* MMMovieTests */ = {
			isa = PBXGroup;
			children = (
				44CCE3AB227DFAB500EDD3EC /* MMMovieTests.swift */,
				44CCE3AD227DFAB500EDD3EC /* Info.plist */,
			);
			path = MMMovieTests;
			sourceTree = "<group>";
		};
		44CCE3B5227DFAB500EDD3EC /* MMMovieUITests */ = {
			isa = PBXGroup;
			children = (
				44CCE3B6227DFAB500EDD3EC /* MMMovieUITests.swift */,
				44CCE3B8227DFAB500EDD3EC /* Info.plist */,
			);
			path = MMMovieUITests;
			sourceTree = "<group>";
		};
		44CCE3C4227DFB6B00EDD3EC /* AppDelegate */ = {
			isa = PBXGroup;
			children = (
				44CCE396227DFAB300EDD3EC /* AppDelegate.swift */,
			);
			path = AppDelegate;
			sourceTree = "<group>";
		};
		44CCE3C5227DFB8000EDD3EC /* Info */ = {
			isa = PBXGroup;
			children = (
				44CCE4192281C31F00EDD3EC /* UIUtility.swift */,
				44CCE3A2227DFAB500EDD3EC /* Info.plist */,
				44CCE39A227DFAB300EDD3EC /* Main.storyboard */,
				44CCE39D227DFAB500EDD3EC /* Assets.xcassets */,
				44CCE39F227DFAB500EDD3EC /* LaunchScreen.storyboard */,
			);
			path = Info;
			sourceTree = "<group>";
		};
		44CCE3C8227DFC5800EDD3EC /* View */ = {
			isa = PBXGroup;
			children = (
				44CCE46A2282FCBC00EDD3EC /* Movie */,
				44CCE45A2282E06700EDD3EC /* Fav */,
				44CCE4262281C7E000EDD3EC /* CustomView */,
				44CCE3E1227DFF4A00EDD3EC /* Master */,
				44CCE3DA227DFD1000EDD3EC /* Main */,
				44CCE3D9227DFCFB00EDD3EC /* Actor */,
			);
			path = View;
			sourceTree = "<group>";
		};
		44CCE3C9227DFC5F00EDD3EC /* Manager */ = {
			isa = PBXGroup;
			children = (
			);
			path = Manager;
			sourceTree = "<group>";
		};
		44CCE3CA227DFC6800EDD3EC /* Service */ = {
			isa = PBXGroup;
			children = (
				44CCE3E22280A2DC00EDD3EC /* Request */,
				44CCE3FB2280A34C00EDD3EC /* HttpManager.swift */,
				44CCE40522817F4D00EDD3EC /* MovieListHManager.swift */,
				44CCE4712283279E00EDD3EC /* UrlManager.swift */,
			);
			path = Service;
			sourceTree = "<group>";
		};
		44CCE3CB227DFC7000EDD3EC /* ViewModel */ = {
			isa = PBXGroup;
			children = (
				44CCE3CF227DFC8F00EDD3EC /* ActorsViewModel.swift */,
				44CCE4202281C56D00EDD3EC /* FactoryViewModel.swift */,
				44CCE43D2281F17000EDD3EC /* MoviesViewModel.swift */,
				44CCE4502281FA3F00EDD3EC /* ActorCellViewModel.swift */,
				44CCE4522281FAAE00EDD3EC /* ActorDetailViewModel.swift */,
				44CCE4542281FCC000EDD3EC /* ActorViewModel.swift */,
			);
			path = ViewModel;
			sourceTree = "<group>";
		};
		44CCE3CC227DFC7500EDD3EC /* Model */ = {
			isa = PBXGroup;
			children = (
				44CCE3CD227DFC8000EDD3EC /* Actor.swift */,
				44CCE42B2281CB4C00EDD3EC /* Movie.swift */,
			);
			path = Model;
			sourceTree = "<group>";
		};
		44CCE3D9227DFCFB00EDD3EC /* Actor */ = {
			isa = PBXGroup;
			children = (
				44CCE3D5227DFCDC00EDD3EC /* ActorDetailViewController.swift */,
				44CCE3D6227DFCDC00EDD3EC /* ActorDetailViewController.xib */,
			);
			path = Actor;
			sourceTree = "<group>";
		};
		44CCE3DA227DFD1000EDD3EC /* Main */ = {
			isa = PBXGroup;
			children = (
				44CCE44F2281F9D600EDD3EC /* Main */,
				44CCE44E2281F9B200EDD3EC /* CellController */,
				44CCE44C2281F98A00EDD3EC /* Movies */,
				44CCE44B2281F97B00EDD3EC /* Actor */,
				44CCE42A2281C90E00EDD3EC /* View */,
			);
			path = Main;
			sourceTree = "<group>";
		};
		44CCE3E1227DFF4A00EDD3EC /* Master */ = {
			isa = PBXGroup;
			children = (
				44CCE41B2281C42800EDD3EC /* View */,
				44CCE4152281C29600EDD3EC /* MasterTableViewController.swift */,
				44CCE4162281C29600EDD3EC /* MasterViewController.swift */,
				44CCE45F2282ED2400EDD3EC /* MasterCollectionViewController.swift */,
			);
			path = Master;
			sourceTree = "<group>";
		};
		44CCE3E22280A2DC00EDD3EC /* Request */ = {
			isa = PBXGroup;
			children = (
				44CCE3EE2280A2F800EDD3EC /* MovieRequest.swift */,
				44CCE3D1227DFCAD00EDD3EC /* WService.swift */,
				44CCE4032281753E00EDD3EC /* MovieError.swift */,
				44CCE40722817FAB00EDD3EC /* MovieSearchObject.swift */,
				44CCE40922818E4E00EDD3EC /* MovieHttp.swift */,
				44CCE40D2281ABA900EDD3EC /* MovieResponse.swift */,
				44CCE40F2281C04200EDD3EC /* ResponeHandler.swift */,
				44CCE46F228318DA00EDD3EC /* ImageDownloader.swift */,
			);
			path = Request;
			sourceTree = "<group>";
		};
		44CCE41B2281C42800EDD3EC /* View */ = {
			isa = PBXGroup;
			children = (
				44CCE4612282ED4800EDD3EC /* ErrorCollectionViewCell.swift */,
				44CCE4622282ED4800EDD3EC /* ErrorCollectionViewCell.xib */,
				44CCE41D2281C43900EDD3EC /* ErrorTableViewCell.swift */,
				44CCE41C2281C43900EDD3EC /* ErrorTableViewCell.xib */,
			);
			path = View;
			sourceTree = "<group>";
		};
		44CCE4262281C7E000EDD3EC /* CustomView */ = {
			isa = PBXGroup;
			children = (
			);
			path = CustomView;
			sourceTree = "<group>";
		};
		44CCE4292281C8E000EDD3EC /* Extention */ = {
			isa = PBXGroup;
			children = (
				44CCE40B2281A40B00EDD3EC /* Extentions.swift */,
				44CCE4272281C7F200EDD3EC /* UITableViewCell+Extention.swift */,
			);
			path = Extention;
			sourceTree = "<group>";
		};
		44CCE42A2281C90E00EDD3EC /* View */ = {
			isa = PBXGroup;
			children = (
				44CCE4222281C6E500EDD3EC /* ActorTableViewCell.swift */,
				44CCE4232281C6E500EDD3EC /* ActorTableViewCell.xib */,
			);
			path = View;
			sourceTree = "<group>";
		};
		44CCE44B2281F97B00EDD3EC /* Actor */ = {
			isa = PBXGroup;
			children = (
				44CCE4562282D25C00EDD3EC /* ActorViewController.swift */,
				44CCE4572282D25C00EDD3EC /* ActorViewController.xib */,
			);
			path = Actor;
			sourceTree = "<group>";
		};
		44CCE44C2281F98A00EDD3EC /* Movies */ = {
			isa = PBXGroup;
			children = (
				44CCE4652282EDB500EDD3EC /* View */,
				44CCE4472281F97200EDD3EC /* MoviesViewController.swift */,
				44CCE4482281F97200EDD3EC /* MoviesViewController.xib */,
			);
			path = Movies;
			sourceTree = "<group>";
		};
		44CCE44E2281F9B200EDD3EC /* CellController */ = {
			isa = PBXGroup;
			children = (
				44CCE43F2281F8B900EDD3EC /* ActorCellViewController.swift */,
				44CCE4402281F8B900EDD3EC /* ActorCellViewController.xib */,
			);
			path = CellController;
			sourceTree = "<group>";
		};
		44CCE44F2281F9D600EDD3EC /* Main */ = {
			isa = PBXGroup;
			children = (
				44CCE4112281C23500EDD3EC /* MainViewController.swift */,
				44CCE4122281C23500EDD3EC /* MainViewController.xib */,
			);
			path = Main;
			sourceTree = "<group>";
		};
		44CCE45A2282E06700EDD3EC /* Fav */ = {
			isa = PBXGroup;
			children = (
				44CCE45B2282E0DE00EDD3EC /* FavoretiesViewController.swift */,
				44CCE45C2282E0DE00EDD3EC /* FavoretiesViewController.xib */,
			);
			path = Fav;
			sourceTree = "<group>";
		};
		44CCE4652282EDB500EDD3EC /* View */ = {
			isa = PBXGroup;
			children = (
				44CCE4662282EDC900EDD3EC /* MovieCollectionViewCell.swift */,
				44CCE4672282EDC900EDD3EC /* MovieCollectionViewCell.xib */,
			);
			path = View;
			sourceTree = "<group>";
		};
		44CCE46A2282FCBC00EDD3EC /* Movie */ = {
			isa = PBXGroup;
			children = (
				44CCE46B2282FCD600EDD3EC /* MovieDetailViewController.swift */,
				44CCE46C2282FCD600EDD3EC /* MovieDetailViewController.xib */,
			);
			path = Movie;
			sourceTree = "<group>";
		};
/* End PBXGroup section */

/* Begin PBXNativeTarget section */
		44CCE392227DFAB300EDD3EC /* MMMovie */ = {
			isa = PBXNativeTarget;
			buildConfigurationList = 44CCE3BB227DFAB500EDD3EC /* Build configuration list for PBXNativeTarget "MMMovie" */;
			buildPhases = (
				44CCE38F227DFAB300EDD3EC /* Sources */,
				44CCE390227DFAB300EDD3EC /* Frameworks */,
				44CCE391227DFAB300EDD3EC /* Resources */,
			);
			buildRules = (
			);
			dependencies = (
			);
			name = MMMovie;
			productName = MMMovie;
			productReference = 44CCE393227DFAB300EDD3EC /* MMMovie.app */;
			productType = "com.apple.product-type.application";
		};
		44CCE3A6227DFAB500EDD3EC /* MMMovieTests */ = {
			isa = PBXNativeTarget;
			buildConfigurationList = 44CCE3BE227DFAB500EDD3EC /* Build configuration list for PBXNativeTarget "MMMovieTests" */;
			buildPhases = (
				44CCE3A3227DFAB500EDD3EC /* Sources */,
				44CCE3A4227DFAB500EDD3EC /* Frameworks */,
				44CCE3A5227DFAB500EDD3EC /* Resources */,
			);
			buildRules = (
			);
			dependencies = (
				44CCE3A9227DFAB500EDD3EC /* PBXTargetDependency */,
			);
			name = MMMovieTests;
			productName = MMMovieTests;
			productReference = 44CCE3A7227DFAB500EDD3EC /* MMMovieTests.xctest */;
			productType = "com.apple.product-type.bundle.unit-test";
		};
		44CCE3B1227DFAB500EDD3EC /* MMMovieUITests */ = {
			isa = PBXNativeTarget;
			buildConfigurationList = 44CCE3C1227DFAB500EDD3EC /* Build configuration list for PBXNativeTarget "MMMovieUITests" */;
			buildPhases = (
				44CCE3AE227DFAB500EDD3EC /* Sources */,
				44CCE3AF227DFAB500EDD3EC /* Frameworks */,
				44CCE3B0227DFAB500EDD3EC /* Resources */,
			);
			buildRules = (
			);
			dependencies = (
				44CCE3B4227DFAB500EDD3EC /* PBXTargetDependency */,
			);
			name = MMMovieUITests;
			productName = MMMovieUITests;
			productReference = 44CCE3B2227DFAB500EDD3EC /* MMMovieUITests.xctest */;
			productType = "com.apple.product-type.bundle.ui-testing";
		};
/* End PBXNativeTarget section */

/* Begin PBXProject section */
		44CCE38B227DFAB300EDD3EC /* Project object */ = {
			isa = PBXProject;
			attributes = {
				LastSwiftUpdateCheck = 1000;
				LastUpgradeCheck = 1000;
				ORGANIZATIONNAME = MMMovie;
				TargetAttributes = {
					44CCE392227DFAB300EDD3EC = {
						CreatedOnToolsVersion = 10.0;
					};
					44CCE3A6227DFAB500EDD3EC = {
						CreatedOnToolsVersion = 10.0;
						TestTargetID = 44CCE392227DFAB300EDD3EC;
					};
					44CCE3B1227DFAB500EDD3EC = {
						CreatedOnToolsVersion = 10.0;
						TestTargetID = 44CCE392227DFAB300EDD3EC;
					};
				};
			};
			buildConfigurationList = 44CCE38E227DFAB300EDD3EC /* Build configuration list for PBXProject "MMMovie" */;
			compatibilityVersion = "Xcode 9.3";
			developmentRegion = en;
			hasScannedForEncodings = 0;
			knownRegions = (
				en,
				Base,
			);
			mainGroup = 44CCE38A227DFAB300EDD3EC;
			productRefGroup = 44CCE394227DFAB300EDD3EC /* Products */;
			projectDirPath = "";
			projectRoot = "";
			targets = (
				44CCE392227DFAB300EDD3EC /* MMMovie */,
				44CCE3A6227DFAB500EDD3EC /* MMMovieTests */,
				44CCE3B1227DFAB500EDD3EC /* MMMovieUITests */,
			);
		};
/* End PBXProject section */

/* Begin PBXResourcesBuildPhase section */
		44CCE391227DFAB300EDD3EC /* Resources */ = {
			isa = PBXResourcesBuildPhase;
			buildActionMask = 2147483647;
			files = (
				44CCE46E2282FCD600EDD3EC /* MovieDetailViewController.xib in Resources */,
				44CCE4422281F8B900EDD3EC /* ActorCellViewController.xib in Resources */,
				44CCE4642282ED4900EDD3EC /* ErrorCollectionViewCell.xib in Resources */,
				44CCE41E2281C43900EDD3EC /* ErrorTableViewCell.xib in Resources */,
				44CCE4592282D25C00EDD3EC /* ActorViewController.xib in Resources */,
				44CCE3D8227DFCDC00EDD3EC /* ActorDetailViewController.xib in Resources */,
				44CCE4692282EDC900EDD3EC /* MovieCollectionViewCell.xib in Resources */,
				44CCE45E2282E0DE00EDD3EC /* FavoretiesViewController.xib in Resources */,
				44CCE4252281C6E500EDD3EC /* ActorTableViewCell.xib in Resources */,
				44CCE3A1227DFAB500EDD3EC /* LaunchScreen.storyboard in Resources */,
				44CCE4142281C23500EDD3EC /* MainViewController.xib in Resources */,
				44CCE39E227DFAB500EDD3EC /* Assets.xcassets in Resources */,
				44CCE44A2281F97200EDD3EC /* MoviesViewController.xib in Resources */,
				44CCE39C227DFAB300EDD3EC /* Main.storyboard in Resources */,
			);
			runOnlyForDeploymentPostprocessing = 0;
		};
		44CCE3A5227DFAB500EDD3EC /* Resources */ = {
			isa = PBXResourcesBuildPhase;
			buildActionMask = 2147483647;
			files = (
			);
			runOnlyForDeploymentPostprocessing = 0;
		};
		44CCE3B0227DFAB500EDD3EC /* Resources */ = {
			isa = PBXResourcesBuildPhase;
			buildActionMask = 2147483647;
			files = (
			);
			runOnlyForDeploymentPostprocessing = 0;
		};
/* End PBXResourcesBuildPhase section */

/* Begin PBXSourcesBuildPhase section */
		44CCE38F227DFAB300EDD3EC /* Sources */ = {
			isa = PBXSourcesBuildPhase;
			buildActionMask = 2147483647;
			files = (
				44CCE40822817FAB00EDD3EC /* MovieSearchObject.swift in Sources */,
				44CCE40C2281A40B00EDD3EC /* Extentions.swift in Sources */,
				44CCE4102281C04200EDD3EC /* ResponeHandler.swift in Sources */,
				44CCE4042281753E00EDD3EC /* MovieError.swift in Sources */,
				44CCE3D2227DFCAD00EDD3EC /* WService.swift in Sources */,
				44CCE3FA2280A2F800EDD3EC /* MovieRequest.swift in Sources */,
				44CCE4132281C23500EDD3EC /* MainViewController.swift in Sources */,
				44CCE3D0227DFC8F00EDD3EC /* ActorsViewModel.swift in Sources */,
				44CCE40622817F4D00EDD3EC /* MovieListHManager.swift in Sources */,
				44CCE4492281F97200EDD3EC /* MoviesViewController.swift in Sources */,
				44CCE4282281C7F200EDD3EC /* UITableViewCell+Extention.swift in Sources */,
				44CCE4582282D25C00EDD3EC /* ActorViewController.swift in Sources */,
				44CCE4512281FA3F00EDD3EC /* ActorCellViewModel.swift in Sources */,
				44CCE3CE227DFC8000EDD3EC /* Actor.swift in Sources */,
				44CCE3FC2280A34C00EDD3EC /* HttpManager.swift in Sources */,
				44CCE4412281F8B900EDD3EC /* ActorCellViewController.swift in Sources */,
				44CCE46D2282FCD600EDD3EC /* MovieDetailViewController.swift in Sources */,
				44CCE45D2282E0DE00EDD3EC /* FavoretiesViewController.swift in Sources */,
				44CCE3D7227DFCDC00EDD3EC /* ActorDetailViewController.swift in Sources */,
				44CCE4722283279E00EDD3EC /* UrlManager.swift in Sources */,
				44CCE41F2281C43900EDD3EC /* ErrorTableViewCell.swift in Sources */,
				44CCE4632282ED4900EDD3EC /* ErrorCollectionViewCell.swift in Sources */,
				44CCE42C2281CB4C00EDD3EC /* Movie.swift in Sources */,
				44CCE4552281FCC000EDD3EC /* ActorViewModel.swift in Sources */,
				44CCE4172281C29600EDD3EC /* MasterTableViewController.swift in Sources */,
				44CCE3C7227DFBAB00EDD3EC /* main.swift in Sources */,
				44CCE41A2281C31F00EDD3EC /* UIUtility.swift in Sources */,
				44CCE40E2281ABA900EDD3EC /* MovieResponse.swift in Sources */,
				44CCE43E2281F17000EDD3EC /* MoviesViewModel.swift in Sources */,
				44CCE4602282ED2400EDD3EC /* MasterCollectionViewController.swift in Sources */,
				44CCE4212281C56D00EDD3EC /* FactoryViewModel.swift in Sources */,
				44CCE4182281C29600EDD3EC /* MasterViewController.swift in Sources */,
				44CCE470228318DA00EDD3EC /* ImageDownloader.swift in Sources */,
				44CCE4242281C6E500EDD3EC /* ActorTableViewCell.swift in Sources */,
				44CCE40A22818E4E00EDD3EC /* MovieHttp.swift in Sources */,
				44CCE4682282EDC900EDD3EC /* MovieCollectionViewCell.swift in Sources */,
				44CCE4532281FAAE00EDD3EC /* ActorDetailViewModel.swift in Sources */,
				44CCE397227DFAB300EDD3EC /* AppDelegate.swift in Sources */,
			);
			runOnlyForDeploymentPostprocessing = 0;
		};
		44CCE3A3227DFAB500EDD3EC /* Sources */ = {
			isa = PBXSourcesBuildPhase;
			buildActionMask = 2147483647;
			files = (
				44CCE3AC227DFAB500EDD3EC /* MMMovieTests.swift in Sources */,
			);
			runOnlyForDeploymentPostprocessing = 0;
		};
		44CCE3AE227DFAB500EDD3EC /* Sources */ = {
			isa = PBXSourcesBuildPhase;
			buildActionMask = 2147483647;
			files = (
				44CCE3B7227DFAB500EDD3EC /* MMMovieUITests.swift in Sources */,
			);
			runOnlyForDeploymentPostprocessing = 0;
		};
/* End PBXSourcesBuildPhase section */

/* Begin PBXTargetDependency section */
		44CCE3A9227DFAB500EDD3EC /* PBXTargetDependency */ = {
			isa = PBXTargetDependency;
			target = 44CCE392227DFAB300EDD3EC /* MMMovie */;
			targetProxy = 44CCE3A8227DFAB500EDD3EC /* PBXContainerItemProxy */;
		};
		44CCE3B4227DFAB500EDD3EC /* PBXTargetDependency */ = {
			isa = PBXTargetDependency;
			target = 44CCE392227DFAB300EDD3EC /* MMMovie */;
			targetProxy = 44CCE3B3227DFAB500EDD3EC /* PBXContainerItemProxy */;
		};
/* End PBXTargetDependency section */

/* Begin PBXVariantGroup section */
		44CCE39A227DFAB300EDD3EC /* Main.storyboard */ = {
			isa = PBXVariantGroup;
			children = (
				44CCE39B227DFAB300EDD3EC /* Base */,
			);
			name = Main.storyboard;
			sourceTree = "<group>";
		};
		44CCE39F227DFAB500EDD3EC /* LaunchScreen.storyboard */ = {
			isa = PBXVariantGroup;
			children = (
				44CCE3A0227DFAB500EDD3EC /* Base */,
			);
			name = LaunchScreen.storyboard;
			sourceTree = "<group>";
		};
/* End PBXVariantGroup section */

/* Begin XCBuildConfiguration section */
		44CCE3B9227DFAB500EDD3EC /* Debug */ = {
			isa = XCBuildConfiguration;
			buildSettings = {
				ALWAYS_SEARCH_USER_PATHS = NO;
				CLANG_ANALYZER_NONNULL = YES;
				CLANG_ANALYZER_NUMBER_OBJECT_CONVERSION = YES_AGGRESSIVE;
				CLANG_CXX_LANGUAGE_STANDARD = "gnu++14";
				CLANG_CXX_LIBRARY = "libc++";
				CLANG_ENABLE_MODULES = YES;
				CLANG_ENABLE_OBJC_ARC = YES;
				CLANG_ENABLE_OBJC_WEAK = YES;
				CLANG_WARN_BLOCK_CAPTURE_AUTORELEASING = YES;
				CLANG_WARN_BOOL_CONVERSION = YES;
				CLANG_WARN_COMMA = YES;
				CLANG_WARN_CONSTANT_CONVERSION = YES;
				CLANG_WARN_DEPRECATED_OBJC_IMPLEMENTATIONS = YES;
				CLANG_WARN_DIRECT_OBJC_ISA_USAGE = YES_ERROR;
				CLANG_WARN_DOCUMENTATION_COMMENTS = YES;
				CLANG_WARN_EMPTY_BODY = YES;
				CLANG_WARN_ENUM_CONVERSION = YES;
				CLANG_WARN_INFINITE_RECURSION = YES;
				CLANG_WARN_INT_CONVERSION = YES;
				CLANG_WARN_NON_LITERAL_NULL_CONVERSION = YES;
				CLANG_WARN_OBJC_IMPLICIT_RETAIN_SELF = YES;
				CLANG_WARN_OBJC_LITERAL_CONVERSION = YES;
				CLANG_WARN_OBJC_ROOT_CLASS = YES_ERROR;
				CLANG_WARN_RANGE_LOOP_ANALYSIS = YES;
				CLANG_WARN_STRICT_PROTOTYPES = YES;
				CLANG_WARN_SUSPICIOUS_MOVE = YES;
				CLANG_WARN_UNGUARDED_AVAILABILITY = YES_AGGRESSIVE;
				CLANG_WARN_UNREACHABLE_CODE = YES;
				CLANG_WARN__DUPLICATE_METHOD_MATCH = YES;
				CODE_SIGN_IDENTITY = "iPhone Developer";
				COPY_PHASE_STRIP = NO;
				DEBUG_INFORMATION_FORMAT = dwarf;
				ENABLE_STRICT_OBJC_MSGSEND = YES;
				ENABLE_TESTABILITY = YES;
				GCC_C_LANGUAGE_STANDARD = gnu11;
				GCC_DYNAMIC_NO_PIC = NO;
				GCC_NO_COMMON_BLOCKS = YES;
				GCC_OPTIMIZATION_LEVEL = 0;
				GCC_PREPROCESSOR_DEFINITIONS = (
					"DEBUG=1",
					"$(inherited)",
				);
				GCC_WARN_64_TO_32_BIT_CONVERSION = YES;
				GCC_WARN_ABOUT_RETURN_TYPE = YES_ERROR;
				GCC_WARN_UNDECLARED_SELECTOR = YES;
				GCC_WARN_UNINITIALIZED_AUTOS = YES_AGGRESSIVE;
				GCC_WARN_UNUSED_FUNCTION = YES;
				GCC_WARN_UNUSED_VARIABLE = YES;
				IPHONEOS_DEPLOYMENT_TARGET = 12.0;
				MTL_ENABLE_DEBUG_INFO = INCLUDE_SOURCE;
				MTL_FAST_MATH = YES;
				ONLY_ACTIVE_ARCH = YES;
				SDKROOT = iphoneos;
				SWIFT_ACTIVE_COMPILATION_CONDITIONS = DEBUG;
				SWIFT_OPTIMIZATION_LEVEL = "-Onone";
			};
			name = Debug;
		};
		44CCE3BA227DFAB500EDD3EC /* Release */ = {
			isa = XCBuildConfiguration;
			buildSettings = {
				ALWAYS_SEARCH_USER_PATHS = NO;
				CLANG_ANALYZER_NONNULL = YES;
				CLANG_ANALYZER_NUMBER_OBJECT_CONVERSION = YES_AGGRESSIVE;
				CLANG_CXX_LANGUAGE_STANDARD = "gnu++14";
				CLANG_CXX_LIBRARY = "libc++";
				CLANG_ENABLE_MODULES = YES;
				CLANG_ENABLE_OBJC_ARC = YES;
				CLANG_ENABLE_OBJC_WEAK = YES;
				CLANG_WARN_BLOCK_CAPTURE_AUTORELEASING = YES;
				CLANG_WARN_BOOL_CONVERSION = YES;
				CLANG_WARN_COMMA = YES;
				CLANG_WARN_CONSTANT_CONVERSION = YES;
				CLANG_WARN_DEPRECATED_OBJC_IMPLEMENTATIONS = YES;
				CLANG_WARN_DIRECT_OBJC_ISA_USAGE = YES_ERROR;
				CLANG_WARN_DOCUMENTATION_COMMENTS = YES;
				CLANG_WARN_EMPTY_BODY = YES;
				CLANG_WARN_ENUM_CONVERSION = YES;
				CLANG_WARN_INFINITE_RECURSION = YES;
				CLANG_WARN_INT_CONVERSION = YES;
				CLANG_WARN_NON_LITERAL_NULL_CONVERSION = YES;
				CLANG_WARN_OBJC_IMPLICIT_RETAIN_SELF = YES;
				CLANG_WARN_OBJC_LITERAL_CONVERSION = YES;
				CLANG_WARN_OBJC_ROOT_CLASS = YES_ERROR;
				CLANG_WARN_RANGE_LOOP_ANALYSIS = YES;
				CLANG_WARN_STRICT_PROTOTYPES = YES;
				CLANG_WARN_SUSPICIOUS_MOVE = YES;
				CLANG_WARN_UNGUARDED_AVAILABILITY = YES_AGGRESSIVE;
				CLANG_WARN_UNREACHABLE_CODE = YES;
				CLANG_WARN__DUPLICATE_METHOD_MATCH = YES;
				CODE_SIGN_IDENTITY = "iPhone Developer";
				COPY_PHASE_STRIP = NO;
				DEBUG_INFORMATION_FORMAT = "dwarf-with-dsym";
				ENABLE_NS_ASSERTIONS = NO;
				ENABLE_STRICT_OBJC_MSGSEND = YES;
				GCC_C_LANGUAGE_STANDARD = gnu11;
				GCC_NO_COMMON_BLOCKS = YES;
				GCC_WARN_64_TO_32_BIT_CONVERSION = YES;
				GCC_WARN_ABOUT_RETURN_TYPE = YES_ERROR;
				GCC_WARN_UNDECLARED_SELECTOR = YES;
				GCC_WARN_UNINITIALIZED_AUTOS = YES_AGGRESSIVE;
				GCC_WARN_UNUSED_FUNCTION = YES;
				GCC_WARN_UNUSED_VARIABLE = YES;
				IPHONEOS_DEPLOYMENT_TARGET = 12.0;
				MTL_ENABLE_DEBUG_INFO = NO;
				MTL_FAST_MATH = YES;
				SDKROOT = iphoneos;
				SWIFT_COMPILATION_MODE = wholemodule;
				SWIFT_OPTIMIZATION_LEVEL = "-O";
				VALIDATE_PRODUCT = YES;
			};
			name = Release;
		};
		44CCE3BC227DFAB500EDD3EC /* Debug */ = {
			isa = XCBuildConfiguration;
			buildSettings = {
				ASSETCATALOG_COMPILER_APPICON_NAME = AppIcon;
				CODE_SIGN_STYLE = Automatic;
				DEVELOPMENT_TEAM = 6Y45SG7J3F;
				INFOPLIST_FILE = "$(SRCROOT)/MMMovie/Info/Info.plist";
				LD_RUNPATH_SEARCH_PATHS = (
					"$(inherited)",
					"@executable_path/Frameworks",
				);
				PRODUCT_BUNDLE_IDENTIFIER = MMMovie.ios;
				PRODUCT_NAME = "$(TARGET_NAME)";
				SWIFT_VERSION = 4.2;
				TARGETED_DEVICE_FAMILY = "1,2";
			};
			name = Debug;
		};
		44CCE3BD227DFAB500EDD3EC /* Release */ = {
			isa = XCBuildConfiguration;
			buildSettings = {
				ASSETCATALOG_COMPILER_APPICON_NAME = AppIcon;
				CODE_SIGN_STYLE = Automatic;
				DEVELOPMENT_TEAM = 6Y45SG7J3F;
				INFOPLIST_FILE = "$(SRCROOT)/MMMovie/Info/Info.plist";
				LD_RUNPATH_SEARCH_PATHS = (
					"$(inherited)",
					"@executable_path/Frameworks",
				);
				PRODUCT_BUNDLE_IDENTIFIER = MMMovie.ios;
				PRODUCT_NAME = "$(TARGET_NAME)";
				SWIFT_VERSION = 4.2;
				TARGETED_DEVICE_FAMILY = "1,2";
			};
			name = Release;
		};
		44CCE3BF227DFAB500EDD3EC /* Debug */ = {
			isa = XCBuildConfiguration;
			buildSettings = {
				ALWAYS_EMBED_SWIFT_STANDARD_LIBRARIES = YES;
				BUNDLE_LOADER = "$(TEST_HOST)";
				CODE_SIGN_STYLE = Automatic;
				DEVELOPMENT_TEAM = 6Y45SG7J3F;
				INFOPLIST_FILE = MMMovieTests/Info.plist;
				LD_RUNPATH_SEARCH_PATHS = (
					"$(inherited)",
					"@executable_path/Frameworks",
					"@loader_path/Frameworks",
				);
				PRODUCT_BUNDLE_IDENTIFIER = MMMovie.MMMovieTests;
				PRODUCT_NAME = "$(TARGET_NAME)";
				SWIFT_VERSION = 4.2;
				TARGETED_DEVICE_FAMILY = "1,2";
				TEST_HOST = "$(BUILT_PRODUCTS_DIR)/MMMovie.app/MMMovie";
			};
			name = Debug;
		};
		44CCE3C0227DFAB500EDD3EC /* Release */ = {
			isa = XCBuildConfiguration;
			buildSettings = {
				ALWAYS_EMBED_SWIFT_STANDARD_LIBRARIES = YES;
				BUNDLE_LOADER = "$(TEST_HOST)";
				CODE_SIGN_STYLE = Automatic;
				DEVELOPMENT_TEAM = 6Y45SG7J3F;
				INFOPLIST_FILE = MMMovieTests/Info.plist;
				LD_RUNPATH_SEARCH_PATHS = (
					"$(inherited)",
					"@executable_path/Frameworks",
					"@loader_path/Frameworks",
				);
				PRODUCT_BUNDLE_IDENTIFIER = MMMovie.MMMovieTests;
				PRODUCT_NAME = "$(TARGET_NAME)";
				SWIFT_VERSION = 4.2;
				TARGETED_DEVICE_FAMILY = "1,2";
				TEST_HOST = "$(BUILT_PRODUCTS_DIR)/MMMovie.app/MMMovie";
			};
			name = Release;
		};
		44CCE3C2227DFAB500EDD3EC /* Debug */ = {
			isa = XCBuildConfiguration;
			buildSettings = {
				ALWAYS_EMBED_SWIFT_STANDARD_LIBRARIES = YES;
				CODE_SIGN_STYLE = Automatic;
				DEVELOPMENT_TEAM = 6Y45SG7J3F;
				INFOPLIST_FILE = MMMovieUITests/Info.plist;
				LD_RUNPATH_SEARCH_PATHS = (
					"$(inherited)",
					"@executable_path/Frameworks",
					"@loader_path/Frameworks",
				);
				PRODUCT_BUNDLE_IDENTIFIER = MMMovie.MMMovieUITests;
				PRODUCT_NAME = "$(TARGET_NAME)";
				SWIFT_VERSION = 4.2;
				TARGETED_DEVICE_FAMILY = "1,2";
				TEST_TARGET_NAME = MMMovie;
			};
			name = Debug;
		};
		44CCE3C3227DFAB500EDD3EC /* Release */ = {
			isa = XCBuildConfiguration;
			buildSettings = {
				ALWAYS_EMBED_SWIFT_STANDARD_LIBRARIES = YES;
				CODE_SIGN_STYLE = Automatic;
				DEVELOPMENT_TEAM = 6Y45SG7J3F;
				INFOPLIST_FILE = MMMovieUITests/Info.plist;
				LD_RUNPATH_SEARCH_PATHS = (
					"$(inherited)",
					"@executable_path/Frameworks",
					"@loader_path/Frameworks",
				);
				PRODUCT_BUNDLE_IDENTIFIER = MMMovie.MMMovieUITests;
				PRODUCT_NAME = "$(TARGET_NAME)";
				SWIFT_VERSION = 4.2;
				TARGETED_DEVICE_FAMILY = "1,2";
				TEST_TARGET_NAME = MMMovie;
			};
			name = Release;
		};
/* End XCBuildConfiguration section */

/* Begin XCConfigurationList section */
		44CCE38E227DFAB300EDD3EC /* Build configuration list for PBXProject "MMMovie" */ = {
			isa = XCConfigurationList;
			buildConfigurations = (
				44CCE3B9227DFAB500EDD3EC /* Debug */,
				44CCE3BA227DFAB500EDD3EC /* Release */,
			);
			defaultConfigurationIsVisible = 0;
			defaultConfigurationName = Release;
		};
		44CCE3BB227DFAB500EDD3EC /* Build configuration list for PBXNativeTarget "MMMovie" */ = {
			isa = XCConfigurationList;
			buildConfigurations = (
				44CCE3BC227DFAB500EDD3EC /* Debug */,
				44CCE3BD227DFAB500EDD3EC /* Release */,
			);
			defaultConfigurationIsVisible = 0;
			defaultConfigurationName = Release;
		};
		44CCE3BE227DFAB500EDD3EC /* Build configuration list for PBXNativeTarget "MMMovieTests" */ = {
			isa = XCConfigurationList;
			buildConfigurations = (
				44CCE3BF227DFAB500EDD3EC /* Debug */,
				44CCE3C0227DFAB500EDD3EC /* Release */,
			);
			defaultConfigurationIsVisible = 0;
			defaultConfigurationName = Release;
		};
		44CCE3C1227DFAB500EDD3EC /* Build configuration list for PBXNativeTarget "MMMovieUITests" */ = {
			isa = XCConfigurationList;
			buildConfigurations = (
				44CCE3C2227DFAB500EDD3EC /* Debug */,
				44CCE3C3227DFAB500EDD3EC /* Release */,
			);
			defaultConfigurationIsVisible = 0;
			defaultConfigurationName = Release;
		};
/* End XCConfigurationList section */
	};
	rootObject = 44CCE38B227DFAB300EDD3EC /* Project object */;
}
